Microsoft Visual Studio Solution File, Format Version 12.00
# Visual Studio 2012
Project("{FAE04EC0-301F-11D3-BF4B-00C04F79EFBC}") = "And My Rook", "And My Rook.csproj", "{9C783EB9-0A07-48AF-A404-E792085B9DEB}"
EndProject
Global
	GlobalSection(SolutionConfigurationPlatforms) = preSolution
	Debug|Any CPU = Debug|Any CPU
	ExportDebug|Any CPU = ExportDebug|Any CPU
	ExportRelease|Any CPU = ExportRelease|Any CPU
	EndGlobalSection
	GlobalSection(ProjectConfigurationPlatforms) = postSolution
		{9C783EB9-0A07-48AF-A404-E792085B9DEB}.Debug|Any CPU.ActiveCfg = Debug|Any CPU
		{9C783EB9-0A07-48AF-A404-E792085B9DEB}.Debug|Any CPU.Build.0 = Debug|Any CPU
		{9C783EB9-0A07-48AF-A404-E792085B9DEB}.ExportDebug|Any CPU.ActiveCfg = ExportDebug|Any CPU
		{9C783EB9-0A07-48AF-A404-E792085B9DEB}.ExportDebug|Any CPU.Build.0 = ExportDebug|Any CPU
		{9C783EB9-0A07-48AF-A404-E792085B9DEB}.ExportRelease|Any CPU.ActiveCfg = ExportRelease|Any CPU
		{9C783EB9-0A07-48AF-A404-E792085B9DEB}.ExportRelease|Any CPU.Build.0 = ExportRelease|Any CPU
	EndGlobalSection
EndGlobal
